
Microsoft Visual Studio Solution File, Format Version 12.00
# Visual Studio Version 17
VisualStudioVersion = 17.3.32929.385
MinimumVisualStudioVersion = 10.0.40219.1
Project("{9A19103F-16F7-4668-BE54-9A1E7A4F7556}") = "LT_Education", "LT_Education\LT_Education.csproj", "{38192559-247D-412A-9CB4-A40F7C010E40}"
EndProject
Global
	GlobalSection(SolutionConfigurationPlatforms) = preSolution
		Debug|Any CPU = Debug|Any CPU
		Release|Any CPU = Release|Any CPU
	EndGlobalSection
	GlobalSection(ProjectConfigurationPlatforms) = postSolution
		{38192559-247D-412A-9CB4-A40F7C010E40}.Debug|Any CPU.ActiveCfg = Debug|x64
		{38192559-247D-412A-9CB4-A40F7C010E40}.Debug|Any CPU.Build.0 = Debug|x64
		{38192559-247D-412A-9CB4-A40F7C010E40}.Release|Any CPU.ActiveCfg = Release|Any CPU
		{38192559-247D-412A-9CB4-A40F7C010E40}.Release|Any CPU.Build.0 = Release|Any CPU
	EndGlobalSection
	GlobalSection(SolutionProperties) = preSolution
		HideSolutionNode = FALSE
	EndGlobalSection
	GlobalSection(ExtensibilityGlobals) = postSolution
		SolutionGuid = {709ECF41-8C60-469B-BDDF-9C823DF6D8AA}
	EndGlobalSection
EndGlobal
